
Microsoft Visual Studio Solution File, Format Version 11.00
# Visual Studio 2010
Project("{8BC9CEB8-8B4A-11D0-8D11-00A0C91BC942}") = "VideoRender", "VideoRender\VideoRender.vcxproj", "{D623CFA3-D50D-4089-B77B-5A70EA777660}"
EndProject
Global
	GlobalSection(SolutionConfigurationPlatforms) = preSolution
		Debug|Win32 = Debug|Win32
		Release|Win32 = Release|Win32
	EndGlobalSection
	GlobalSection(ProjectConfigurationPlatforms) = postSolution
		{D623CFA3-D50D-4089-B77B-5A70EA777660}.Debug|Win32.ActiveCfg = Debug|Win32
		{D623CFA3-D50D-4089-B77B-5A70EA777660}.Debug|Win32.Build.0 = Debug|Win32
		{D623CFA3-D50D-4089-B77B-5A70EA777660}.Release|Win32.ActiveCfg = Release|Win32
		{D623CFA3-D50D-4089-B77B-5A70EA777660}.Release|Win32.Build.0 = Release|Win32
	EndGlobalSection
	GlobalSection(SolutionProperties) = preSolution
		HideSolutionNode = FALSE
	EndGlobalSection
EndGlobal
